
Microsoft Visual Studio Solution File, Format Version 12.00
# Visual Studio Version 17
Project("{9A19103F-16F7-4668-BE54-9A1E7A4F7556}") = "Starling.Common", "src\Starling.Common\Starling.Common.csproj", "{C17C1F32-637F-0C49-AD73-AFFBA8EF9BEB}"
EndProject
Project("{9A19103F-16F7-4668-BE54-9A1E7A4F7556}") = "Starling.Url", "src\Starling.Url\Starling.Url.csproj", "{4B5F29BB-065A-2454-0C66-E7CC90C323F1}"
EndProject
Project("{9A19103F-16F7-4668-BE54-9A1E7A4F7556}") = "Starling.Net", "src\Starling.Net\Starling.Net.csproj", "{EEBB4D01-587B-DB04-4A00-6FC3A0B02DBD}"
EndProject
Project("{9A19103F-16F7-4668-BE54-9A1E7A4F7556}") = "Starling.Html", "src\Starling.Html\Starling.Html.csproj", "{08A2B7D3-7B46-09EF-71D8-36B44D555845}"
EndProject
Project("{9A19103F-16F7-4668-BE54-9A1E7A4F7556}") = "Starling.Dom", "src\Starling.Dom\Starling.Dom.csproj", "{EBE0FF46-5311-A888-3B1C-C7299BDFE76D}"
EndProject
Project("{9A19103F-16F7-4668-BE54-9A1E7A4F7556}") = "Starling.Css", "src\Starling.Css\Starling.Css.csproj", "{10884A7A-D0A6-9144-3E6C-DBA0E462804C}"
EndProject
Project("{9A19103F-16F7-4668-BE54-9A1E7A4F7556}") = "Starling.Layout", "src\Starling.Layout\Starling.Layout.csproj", "{26175944-DD2D-710C-76C3-685A617A125F}"
EndProject
Project("{9A19103F-16F7-4668-BE54-9A1E7A4F7556}") = "Starling.Paint", "src\Starling.Paint\Starling.Paint.csproj", "{28F8B9FA-FFEF-81AE-F77E-850E05D4D16F}"
EndProject
Project("{9A19103F-16F7-4668-BE54-9A1E7A4F7556}") = "Starling.Js", "src\Starling.Js\Starling.Js.csproj", "{DACF27DE-F448-4868-F218-1AAFBDEC9775}"
EndProject
Project("{9A19103F-16F7-4668-BE54-9A1E7A4F7556}") = "Starling.Bindings", "src\Starling.Bindings\Starling.Bindings.csproj", "{93ED1319-E107-A1B9-5672-654501BC13E7}"
EndProject
Project("{9A19103F-16F7-4668-BE54-9A1E7A4F7556}") = "Starling.Loop", "src\Starling.Loop\Starling.Loop.csproj", "{670F2BCD-3749-559B-9AF5-1814FB5B25E8}"
EndProject
Project("{9A19103F-16F7-4668-BE54-9A1E7A4F7556}") = "Starling.Engine", "src\Starling.Engine\Starling.Engine.csproj", "{7688EF9C-E734-F6EA-65B1-FADAD188CD8C}"
EndProject
Project("{9A19103F-16F7-4668-BE54-9A1E7A4F7556}") = "Starling.Headless", "src\Starling.Headless\Starling.Headless.csproj", "{1C7B4D7E-67E6-1400-2779-E6CEE5A7A6B0}"
EndProject
Project("{9A19103F-16F7-4668-BE54-9A1E7A4F7556}") = "Starling.Common.Tests", "tests\Starling.Common.Tests\Starling.Common.Tests.csproj", "{14BEE0D1-DC89-B4CB-73B1-CB310C01087D}"
EndProject
Project("{9A19103F-16F7-4668-BE54-9A1E7A4F7556}") = "Starling.Url.Tests", "tests\Starling.Url.Tests\Starling.Url.Tests.csproj", "{BFFE636D-133E-9762-1ADF-CFBFBC116A28}"
EndProject
Project("{9A19103F-16F7-4668-BE54-9A1E7A4F7556}") = "Starling.Net.Tests", "tests\Starling.Net.Tests\Starling.Net.Tests.csproj", "{3C463B16-C2EA-5A3E-B112-A0D280DE8EF2}"
EndProject
Project("{9A19103F-16F7-4668-BE54-9A1E7A4F7556}") = "Starling.Html.Tests", "tests\Starling.Html.Tests\Starling.Html.Tests.csproj", "{D8348EF8-1418-0F9F-5C91-AEEF239C9920}"
EndProject
Project("{9A19103F-16F7-4668-BE54-9A1E7A4F7556}") = "Starling.Dom.Tests", "tests\Starling.Dom.Tests\Starling.Dom.Tests.csproj", "{2BF9C2F5-D2DE-2A52-AD70-BA5C697EF626}"
EndProject
Project("{9A19103F-16F7-4668-BE54-9A1E7A4F7556}") = "Starling.Css.Tests", "tests\Starling.Css.Tests\Starling.Css.Tests.csproj", "{123E4E14-8B76-EC32-C635-930D2467798E}"
EndProject
Project("{9A19103F-16F7-4668-BE54-9A1E7A4F7556}") = "Starling.Layout.Tests", "tests\Starling.Layout.Tests\Starling.Layout.Tests.csproj", "{FF489C87-BD92-ECE2-9326-88B81284746C}"
EndProject
Project("{9A19103F-16F7-4668-BE54-9A1E7A4F7556}") = "Starling.Paint.Tests", "tests\Starling.Paint.Tests\Starling.Paint.Tests.csproj", "{4FB359C4-F75D-FA98-06BD-EE903C41394C}"
EndProject
Project("{9A19103F-16F7-4668-BE54-9A1E7A4F7556}") = "Starling.Js.Tests", "tests\Starling.Js.Tests\Starling.Js.Tests.csproj", "{3F0530D1-3CFD-7125-EF2D-92E308A84CC9}"
EndProject
Project("{9A19103F-16F7-4668-BE54-9A1E7A4F7556}") = "Starling.Bindings.Tests", "tests\Starling.Bindings.Tests\Starling.Bindings.Tests.csproj", "{A6F237FA-17C0-1DD3-7FFA-5A39C03E7664}"
EndProject
Project("{9A19103F-16F7-4668-BE54-9A1E7A4F7556}") = "Starling.Loop.Tests", "tests\Starling.Loop.Tests\Starling.Loop.Tests.csproj", "{7848B1CF-9126-5E9B-2CE4-A97A8B887C54}"
EndProject
Project("{9A19103F-16F7-4668-BE54-9A1E7A4F7556}") = "Starling.Engine.Tests", "tests\Starling.Engine.Tests\Starling.Engine.Tests.csproj", "{9921EDF3-68D5-2D29-86BD-FF6E72D91239}"
EndProject
Project("{9A19103F-16F7-4668-BE54-9A1E7A4F7556}") = "Starling.E2E", "tests\Starling.E2E\Starling.E2E.csproj", "{CC382C82-E1C1-0640-B20B-3E564FFF3AB8}"
EndProject
Project("{9A19103F-16F7-4668-BE54-9A1E7A4F7556}") = "Starling.Bench", "bench\Starling.Bench\Starling.Bench.csproj", "{134BA1B5-6749-3CDE-D944-9518D657E83E}"
EndProject
Project("{FAE04EC0-301F-11D3-BF4B-00C04F79EFBC}") = "Starling.AppHost", "Starling.AppHost\Starling.AppHost.csproj", "{AE87E1B6-3874-4896-B5B5-CC5AD4EA8233}"
EndProject
Project("{FAE04EC0-301F-11D3-BF4B-00C04F79EFBC}") = "Starling.ServiceDefaults", "Starling.ServiceDefaults\Starling.ServiceDefaults.csproj", "{7343A757-DDD2-48F4-B6D1-FE6B9B109AD4}"
EndProject
Project("{2150E333-8FDC-42A3-9474-1A3956D46DE8}") = "src", "src", "{827E0CD3-B72D-47B6-A68D-7590B98EB39B}"
EndProject
Project("{FAE04EC0-301F-11D3-BF4B-00C04F79EFBC}") = "Starling.Telemetry", "src\Starling.Telemetry\Starling.Telemetry.csproj", "{17B3D47A-2A88-4B97-880A-EC324905E980}"
EndProject
Project("{FAE04EC0-301F-11D3-BF4B-00C04F79EFBC}") = "Starling.Codecs", "src\Starling.Codecs\Starling.Codecs.csproj", "{5CEEC3B5-1C1A-4FC1-98F5-5486723AE268}"
EndProject
Project("{FAE04EC0-301F-11D3-BF4B-00C04F79EFBC}") = "Starling.Skia", "src\Starling.Skia\Starling.Skia.csproj", "{24A3FDF1-159F-4E08-935D-195043557228}"
EndProject
Project("{2150E333-8FDC-42A3-9474-1A3956D46DE8}") = "tests", "tests", "{0AB3BF05-4346-4AA6-1389-037BE0695223}"
EndProject
Project("{FAE04EC0-301F-11D3-BF4B-00C04F79EFBC}") = "Starling.Codecs.Tests", "tests\Starling.Codecs.Tests\Starling.Codecs.Tests.csproj", "{7717852A-C874-49DE-B82B-0FD8AD350CF5}"
EndProject
Project("{FAE04EC0-301F-11D3-BF4B-00C04F79EFBC}") = "Starling.Skia.Tests", "tests\Starling.Skia.Tests\Starling.Skia.Tests.csproj", "{D56AEC46-99F0-4DBA-A424-93566DAD1350}"
EndProject
Project("{FAE04EC0-301F-11D3-BF4B-00C04F79EFBC}") = "Starling.Gui.Avalonia", "src\Starling.Gui.Avalonia\Starling.Gui.Avalonia.csproj", "{4C3D3D22-5445-46FC-B1AB-31E25E4EBEC5}"
EndProject
Global
	GlobalSection(SolutionConfigurationPlatforms) = preSolution
		Debug|Any CPU = Debug|Any CPU
		Debug|x64 = Debug|x64
		Debug|x86 = Debug|x86
		Release|Any CPU = Release|Any CPU
		Release|x64 = Release|x64
		Release|x86 = Release|x86
	EndGlobalSection
	GlobalSection(ProjectConfigurationPlatforms) = postSolution
		{C17C1F32-637F-0C49-AD73-AFFBA8EF9BEB}.Debug|Any CPU.ActiveCfg = Debug|Any CPU
		{C17C1F32-637F-0C49-AD73-AFFBA8EF9BEB}.Debug|Any CPU.Build.0 = Debug|Any CPU
		{C17C1F32-637F-0C49-AD73-AFFBA8EF9BEB}.Debug|x64.ActiveCfg = Debug|Any CPU
		{C17C1F32-637F-0C49-AD73-AFFBA8EF9BEB}.Debug|x64.Build.0 = Debug|Any CPU
		{C17C1F32-637F-0C49-AD73-AFFBA8EF9BEB}.Debug|x86.ActiveCfg = Debug|Any CPU
		{C17C1F32-637F-0C49-AD73-AFFBA8EF9BEB}.Debug|x86.Build.0 = Debug|Any CPU
		{C17C1F32-637F-0C49-AD73-AFFBA8EF9BEB}.Release|Any CPU.ActiveCfg = Release|Any CPU
		{C17C1F32-637F-0C49-AD73-AFFBA8EF9BEB}.Release|Any CPU.Build.0 = Release|Any CPU
		{C17C1F32-637F-0C49-AD73-AFFBA8EF9BEB}.Release|x64.ActiveCfg = Release|Any CPU
		{C17C1F32-637F-0C49-AD73-AFFBA8EF9BEB}.Release|x64.Build.0 = Release|Any CPU
		{C17C1F32-637F-0C49-AD73-AFFBA8EF9BEB}.Release|x86.ActiveCfg = Release|Any CPU
		{C17C1F32-637F-0C49-AD73-AFFBA8EF9BEB}.Release|x86.Build.0 = Release|Any CPU
		{4B5F29BB-065A-2454-0C66-E7CC90C323F1}.Debug|Any CPU.ActiveCfg = Debug|Any CPU
		{4B5F29BB-065A-2454-0C66-E7CC90C323F1}.Debug|Any CPU.Build.0 = Debug|Any CPU
		{4B5F29BB-065A-2454-0C66-E7CC90C323F1}.Debug|x64.ActiveCfg = Debug|Any CPU
		{4B5F29BB-065A-2454-0C66-E7CC90C323F1}.Debug|x64.Build.0 = Debug|Any CPU
		{4B5F29BB-065A-2454-0C66-E7CC90C323F1}.Debug|x86.ActiveCfg = Debug|Any CPU
		{4B5F29BB-065A-2454-0C66-E7CC90C323F1}.Debug|x86.Build.0 = Debug|Any CPU
		{4B5F29BB-065A-2454-0C66-E7CC90C323F1}.Release|Any CPU.ActiveCfg = Release|Any CPU
		{4B5F29BB-065A-2454-0C66-E7CC90C323F1}.Release|Any CPU.Build.0 = Release|Any CPU
		{4B5F29BB-065A-2454-0C66-E7CC90C323F1}.Release|x64.ActiveCfg = Release|Any CPU
		{4B5F29BB-065A-2454-0C66-E7CC90C323F1}.Release|x64.Build.0 = Release|Any CPU
		{4B5F29BB-065A-2454-0C66-E7CC90C323F1}.Release|x86.ActiveCfg = Release|Any CPU
		{4B5F29BB-065A-2454-0C66-E7CC90C323F1}.Release|x86.Build.0 = Release|Any CPU
		{EEBB4D01-587B-DB04-4A00-6FC3A0B02DBD}.Debug|Any CPU.ActiveCfg = Debug|Any CPU
		{EEBB4D01-587B-DB04-4A00-6FC3A0B02DBD}.Debug|Any CPU.Build.0 = Debug|Any CPU
		{EEBB4D01-587B-DB04-4A00-6FC3A0B02DBD}.Debug|x64.ActiveCfg = Debug|Any CPU
		{EEBB4D01-587B-DB04-4A00-6FC3A0B02DBD}.Debug|x64.Build.0 = Debug|Any CPU
		{EEBB4D01-587B-DB04-4A00-6FC3A0B02DBD}.Debug|x86.ActiveCfg = Debug|Any CPU
		{EEBB4D01-587B-DB04-4A00-6FC3A0B02DBD}.Debug|x86.Build.0 = Debug|Any CPU
		{EEBB4D01-587B-DB04-4A00-6FC3A0B02DBD}.Release|Any CPU.ActiveCfg = Release|Any CPU
		{EEBB4D01-587B-DB04-4A00-6FC3A0B02DBD}.Release|Any CPU.Build.0 = Release|Any CPU
		{EEBB4D01-587B-DB04-4A00-6FC3A0B02DBD}.Release|x64.ActiveCfg = Release|Any CPU
		{EEBB4D01-587B-DB04-4A00-6FC3A0B02DBD}.Release|x64.Build.0 = Release|Any CPU
		{EEBB4D01-587B-DB04-4A00-6FC3A0B02DBD}.Release|x86.ActiveCfg = Release|Any CPU
		{EEBB4D01-587B-DB04-4A00-6FC3A0B02DBD}.Release|x86.Build.0 = Release|Any CPU
		{08A2B7D3-7B46-09EF-71D8-36B44D555845}.Debug|Any CPU.ActiveCfg = Debug|Any CPU
		{08A2B7D3-7B46-09EF-71D8-36B44D555845}.Debug|Any CPU.Build.0 = Debug|Any CPU
		{08A2B7D3-7B46-09EF-71D8-36B44D555845}.Debug|x64.ActiveCfg = Debug|Any CPU
		{08A2B7D3-7B46-09EF-71D8-36B44D555845}.Debug|x64.Build.0 = Debug|Any CPU
		{08A2B7D3-7B46-09EF-71D8-36B44D555845}.Debug|x86.ActiveCfg = Debug|Any CPU
		{08A2B7D3-7B46-09EF-71D8-36B44D555845}.Debug|x86.Build.0 = Debug|Any CPU
		{08A2B7D3-7B46-09EF-71D8-36B44D555845}.Release|Any CPU.ActiveCfg = Release|Any CPU
		{08A2B7D3-7B46-09EF-71D8-36B44D555845}.Release|Any CPU.Build.0 = Release|Any CPU
		{08A2B7D3-7B46-09EF-71D8-36B44D555845}.Release|x64.ActiveCfg = Release|Any CPU
		{08A2B7D3-7B46-09EF-71D8-36B44D555845}.Release|x64.Build.0 = Release|Any CPU
		{08A2B7D3-7B46-09EF-71D8-36B44D555845}.Release|x86.ActiveCfg = Release|Any CPU
		{08A2B7D3-7B46-09EF-71D8-36B44D555845}.Release|x86.Build.0 = Release|Any CPU
		{EBE0FF46-5311-A888-3B1C-C7299BDFE76D}.Debug|Any CPU.ActiveCfg = Debug|Any CPU
		{EBE0FF46-5311-A888-3B1C-C7299BDFE76D}.Debug|Any CPU.Build.0 = Debug|Any CPU
		{EBE0FF46-5311-A888-3B1C-C7299BDFE76D}.Debug|x64.ActiveCfg = Debug|Any CPU
		{EBE0FF46-5311-A888-3B1C-C7299BDFE76D}.Debug|x64.Build.0 = Debug|Any CPU
		{EBE0FF46-5311-A888-3B1C-C7299BDFE76D}.Debug|x86.ActiveCfg = Debug|Any CPU
		{EBE0FF46-5311-A888-3B1C-C7299BDFE76D}.Debug|x86.Build.0 = Debug|Any CPU
		{EBE0FF46-5311-A888-3B1C-C7299BDFE76D}.Release|Any CPU.ActiveCfg = Release|Any CPU
		{EBE0FF46-5311-A888-3B1C-C7299BDFE76D}.Release|Any CPU.Build.0 = Release|Any CPU
		{EBE0FF46-5311-A888-3B1C-C7299BDFE76D}.Release|x64.ActiveCfg = Release|Any CPU
		{EBE0FF46-5311-A888-3B1C-C7299BDFE76D}.Release|x64.Build.0 = Release|Any CPU
		{EBE0FF46-5311-A888-3B1C-C7299BDFE76D}.Release|x86.ActiveCfg = Release|Any CPU
		{EBE0FF46-5311-A888-3B1C-C7299BDFE76D}.Release|x86.Build.0 = Release|Any CPU
		{10884A7A-D0A6-9144-3E6C-DBA0E462804C}.Debug|Any CPU.ActiveCfg = Debug|Any CPU
		{10884A7A-D0A6-9144-3E6C-DBA0E462804C}.Debug|Any CPU.Build.0 = Debug|Any CPU
		{10884A7A-D0A6-9144-3E6C-DBA0E462804C}.Debug|x64.ActiveCfg = Debug|Any CPU
		{10884A7A-D0A6-9144-3E6C-DBA0E462804C}.Debug|x64.Build.0 = Debug|Any CPU
		{10884A7A-D0A6-9144-3E6C-DBA0E462804C}.Debug|x86.ActiveCfg = Debug|Any CPU
		{10884A7A-D0A6-9144-3E6C-DBA0E462804C}.Debug|x86.Build.0 = Debug|Any CPU
		{10884A7A-D0A6-9144-3E6C-DBA0E462804C}.Release|Any CPU.ActiveCfg = Release|Any CPU
		{10884A7A-D0A6-9144-3E6C-DBA0E462804C}.Release|Any CPU.Build.0 = Release|Any CPU
		{10884A7A-D0A6-9144-3E6C-DBA0E462804C}.Release|x64.ActiveCfg = Release|Any CPU
		{10884A7A-D0A6-9144-3E6C-DBA0E462804C}.Release|x64.Build.0 = Release|Any CPU
		{10884A7A-D0A6-9144-3E6C-DBA0E462804C}.Release|x86.ActiveCfg = Release|Any CPU
		{10884A7A-D0A6-9144-3E6C-DBA0E462804C}.Release|x86.Build.0 = Release|Any CPU
		{26175944-DD2D-710C-76C3-685A617A125F}.Debug|Any CPU.ActiveCfg = Debug|Any CPU
		{26175944-DD2D-710C-76C3-685A617A125F}.Debug|Any CPU.Build.0 = Debug|Any CPU
		{26175944-DD2D-710C-76C3-685A617A125F}.Debug|x64.ActiveCfg = Debug|Any CPU
		{26175944-DD2D-710C-76C3-685A617A125F}.Debug|x64.Build.0 = Debug|Any CPU
		{26175944-DD2D-710C-76C3-685A617A125F}.Debug|x86.ActiveCfg = Debug|Any CPU
		{26175944-DD2D-710C-76C3-685A617A125F}.Debug|x86.Build.0 = Debug|Any CPU
		{26175944-DD2D-710C-76C3-685A617A125F}.Release|Any CPU.ActiveCfg = Release|Any CPU
		{26175944-DD2D-710C-76C3-685A617A125F}.Release|Any CPU.Build.0 = Release|Any CPU
		{26175944-DD2D-710C-76C3-685A617A125F}.Release|x64.ActiveCfg = Release|Any CPU
		{26175944-DD2D-710C-76C3-685A617A125F}.Release|x64.Build.0 = Release|Any CPU
		{26175944-DD2D-710C-76C3-685A617A125F}.Release|x86.ActiveCfg = Release|Any CPU
		{26175944-DD2D-710C-76C3-685A617A125F}.Release|x86.Build.0 = Release|Any CPU
		{28F8B9FA-FFEF-81AE-F77E-850E05D4D16F}.Debug|Any CPU.ActiveCfg = Debug|Any CPU
		{28F8B9FA-FFEF-81AE-F77E-850E05D4D16F}.Debug|Any CPU.Build.0 = Debug|Any CPU
		{28F8B9FA-FFEF-81AE-F77E-850E05D4D16F}.Debug|x64.ActiveCfg = Debug|Any CPU
		{28F8B9FA-FFEF-81AE-F77E-850E05D4D16F}.Debug|x64.Build.0 = Debug|Any CPU
		{28F8B9FA-FFEF-81AE-F77E-850E05D4D16F}.Debug|x86.ActiveCfg = Debug|Any CPU
		{28F8B9FA-FFEF-81AE-F77E-850E05D4D16F}.Debug|x86.Build.0 = Debug|Any CPU
		{28F8B9FA-FFEF-81AE-F77E-850E05D4D16F}.Release|Any CPU.ActiveCfg = Release|Any CPU
		{28F8B9FA-FFEF-81AE-F77E-850E05D4D16F}.Release|Any CPU.Build.0 = Release|Any CPU
		{28F8B9FA-FFEF-81AE-F77E-850E05D4D16F}.Release|x64.ActiveCfg = Release|Any CPU
		{28F8B9FA-FFEF-81AE-F77E-850E05D4D16F}.Release|x64.Build.0 = Release|Any CPU
		{28F8B9FA-FFEF-81AE-F77E-850E05D4D16F}.Release|x86.ActiveCfg = Release|Any CPU
		{28F8B9FA-FFEF-81AE-F77E-850E05D4D16F}.Release|x86.Build.0 = Release|Any CPU
		{DACF27DE-F448-4868-F218-1AAFBDEC9775}.Debug|Any CPU.ActiveCfg = Debug|Any CPU
		{DACF27DE-F448-4868-F218-1AAFBDEC9775}.Debug|Any CPU.Build.0 = Debug|Any CPU
		{DACF27DE-F448-4868-F218-1AAFBDEC9775}.Debug|x64.ActiveCfg = Debug|Any CPU
		{DACF27DE-F448-4868-F218-1AAFBDEC9775}.Debug|x64.Build.0 = Debug|Any CPU
		{DACF27DE-F448-4868-F218-1AAFBDEC9775}.Debug|x86.ActiveCfg = Debug|Any CPU
		{DACF27DE-F448-4868-F218-1AAFBDEC9775}.Debug|x86.Build.0 = Debug|Any CPU
		{DACF27DE-F448-4868-F218-1AAFBDEC9775}.Release|Any CPU.ActiveCfg = Release|Any CPU
		{DACF27DE-F448-4868-F218-1AAFBDEC9775}.Release|Any CPU.Build.0 = Release|Any CPU
		{DACF27DE-F448-4868-F218-1AAFBDEC9775}.Release|x64.ActiveCfg = Release|Any CPU
		{DACF27DE-F448-4868-F218-1AAFBDEC9775}.Release|x64.Build.0 = Release|Any CPU
		{DACF27DE-F448-4868-F218-1AAFBDEC9775}.Release|x86.ActiveCfg = Release|Any CPU
		{DACF27DE-F448-4868-F218-1AAFBDEC9775}.Release|x86.Build.0 = Release|Any CPU
		{93ED1319-E107-A1B9-5672-654501BC13E7}.Debug|Any CPU.ActiveCfg = Debug|Any CPU
		{93ED1319-E107-A1B9-5672-654501BC13E7}.Debug|Any CPU.Build.0 = Debug|Any CPU
		{93ED1319-E107-A1B9-5672-654501BC13E7}.Debug|x64.ActiveCfg = Debug|Any CPU
		{93ED1319-E107-A1B9-5672-654501BC13E7}.Debug|x64.Build.0 = Debug|Any CPU
		{93ED1319-E107-A1B9-5672-654501BC13E7}.Debug|x86.ActiveCfg = Debug|Any CPU
		{93ED1319-E107-A1B9-5672-654501BC13E7}.Debug|x86.Build.0 = Debug|Any CPU
		{93ED1319-E107-A1B9-5672-654501BC13E7}.Release|Any CPU.ActiveCfg = Release|Any CPU
		{93ED1319-E107-A1B9-5672-654501BC13E7}.Release|Any CPU.Build.0 = Release|Any CPU
		{93ED1319-E107-A1B9-5672-654501BC13E7}.Release|x64.ActiveCfg = Release|Any CPU
		{93ED1319-E107-A1B9-5672-654501BC13E7}.Release|x64.Build.0 = Release|Any CPU
		{93ED1319-E107-A1B9-5672-654501BC13E7}.Release|x86.ActiveCfg = Release|Any CPU
		{93ED1319-E107-A1B9-5672-654501BC13E7}.Release|x86.Build.0 = Release|Any CPU
		{670F2BCD-3749-559B-9AF5-1814FB5B25E8}.Debug|Any CPU.ActiveCfg = Debug|Any CPU
		{670F2BCD-3749-559B-9AF5-1814FB5B25E8}.Debug|Any CPU.Build.0 = Debug|Any CPU
		{670F2BCD-3749-559B-9AF5-1814FB5B25E8}.Debug|x64.ActiveCfg = Debug|Any CPU
		{670F2BCD-3749-559B-9AF5-1814FB5B25E8}.Debug|x64.Build.0 = Debug|Any CPU
		{670F2BCD-3749-559B-9AF5-1814FB5B25E8}.Debug|x86.ActiveCfg = Debug|Any CPU
		{670F2BCD-3749-559B-9AF5-1814FB5B25E8}.Debug|x86.Build.0 = Debug|Any CPU
		{670F2BCD-3749-559B-9AF5-1814FB5B25E8}.Release|Any CPU.ActiveCfg = Release|Any CPU
		{670F2BCD-3749-559B-9AF5-1814FB5B25E8}.Release|Any CPU.Build.0 = Release|Any CPU
		{670F2BCD-3749-559B-9AF5-1814FB5B25E8}.Release|x64.ActiveCfg = Release|Any CPU
		{670F2BCD-3749-559B-9AF5-1814FB5B25E8}.Release|x64.Build.0 = Release|Any CPU
		{670F2BCD-3749-559B-9AF5-1814FB5B25E8}.Release|x86.ActiveCfg = Release|Any CPU
		{670F2BCD-3749-559B-9AF5-1814FB5B25E8}.Release|x86.Build.0 = Release|Any CPU
		{7688EF9C-E734-F6EA-65B1-FADAD188CD8C}.Debug|Any CPU.ActiveCfg = Debug|Any CPU
		{7688EF9C-E734-F6EA-65B1-FADAD188CD8C}.Debug|Any CPU.Build.0 = Debug|Any CPU
		{7688EF9C-E734-F6EA-65B1-FADAD188CD8C}.Debug|x64.ActiveCfg = Debug|Any CPU
		{7688EF9C-E734-F6EA-65B1-FADAD188CD8C}.Debug|x64.Build.0 = Debug|Any CPU
		{7688EF9C-E734-F6EA-65B1-FADAD188CD8C}.Debug|x86.ActiveCfg = Debug|Any CPU
		{7688EF9C-E734-F6EA-65B1-FADAD188CD8C}.Debug|x86.Build.0 = Debug|Any CPU
		{7688EF9C-E734-F6EA-65B1-FADAD188CD8C}.Release|Any CPU.ActiveCfg = Release|Any CPU
		{7688EF9C-E734-F6EA-65B1-FADAD188CD8C}.Release|Any CPU.Build.0 = Release|Any CPU
		{7688EF9C-E734-F6EA-65B1-FADAD188CD8C}.Release|x64.ActiveCfg = Release|Any CPU
		{7688EF9C-E734-F6EA-65B1-FADAD188CD8C}.Release|x64.Build.0 = Release|Any CPU
		{7688EF9C-E734-F6EA-65B1-FADAD188CD8C}.Release|x86.ActiveCfg = Release|Any CPU
		{7688EF9C-E734-F6EA-65B1-FADAD188CD8C}.Release|x86.Build.0 = Release|Any CPU
		{1C7B4D7E-67E6-1400-2779-E6CEE5A7A6B0}.Debug|Any CPU.ActiveCfg = Debug|Any CPU
		{1C7B4D7E-67E6-1400-2779-E6CEE5A7A6B0}.Debug|Any CPU.Build.0 = Debug|Any CPU
		{1C7B4D7E-67E6-1400-2779-E6CEE5A7A6B0}.Debug|x64.ActiveCfg = Debug|Any CPU
		{1C7B4D7E-67E6-1400-2779-E6CEE5A7A6B0}.Debug|x64.Build.0 = Debug|Any CPU
		{1C7B4D7E-67E6-1400-2779-E6CEE5A7A6B0}.Debug|x86.ActiveCfg = Debug|Any CPU
		{1C7B4D7E-67E6-1400-2779-E6CEE5A7A6B0}.Debug|x86.Build.0 = Debug|Any CPU
		{1C7B4D7E-67E6-1400-2779-E6CEE5A7A6B0}.Release|Any CPU.ActiveCfg = Release|Any CPU
		{1C7B4D7E-67E6-1400-2779-E6CEE5A7A6B0}.Release|Any CPU.Build.0 = Release|Any CPU
		{1C7B4D7E-67E6-1400-2779-E6CEE5A7A6B0}.Release|x64.ActiveCfg = Release|Any CPU
		{1C7B4D7E-67E6-1400-2779-E6CEE5A7A6B0}.Release|x64.Build.0 = Release|Any CPU
		{1C7B4D7E-67E6-1400-2779-E6CEE5A7A6B0}.Release|x86.ActiveCfg = Release|Any CPU
		{1C7B4D7E-67E6-1400-2779-E6CEE5A7A6B0}.Release|x86.Build.0 = Release|Any CPU
		{14BEE0D1-DC89-B4CB-73B1-CB310C01087D}.Debug|Any CPU.ActiveCfg = Debug|Any CPU
		{14BEE0D1-DC89-B4CB-73B1-CB310C01087D}.Debug|Any CPU.Build.0 = Debug|Any CPU
		{14BEE0D1-DC89-B4CB-73B1-CB310C01087D}.Debug|x64.ActiveCfg = Debug|Any CPU
		{14BEE0D1-DC89-B4CB-73B1-CB310C01087D}.Debug|x64.Build.0 = Debug|Any CPU
		{14BEE0D1-DC89-B4CB-73B1-CB310C01087D}.Debug|x86.ActiveCfg = Debug|Any CPU
		{14BEE0D1-DC89-B4CB-73B1-CB310C01087D}.Debug|x86.Build.0 = Debug|Any CPU
		{14BEE0D1-DC89-B4CB-73B1-CB310C01087D}.Release|Any CPU.ActiveCfg = Release|Any CPU
		{14BEE0D1-DC89-B4CB-73B1-CB310C01087D}.Release|Any CPU.Build.0 = Release|Any CPU
		{14BEE0D1-DC89-B4CB-73B1-CB310C01087D}.Release|x64.ActiveCfg = Release|Any CPU
		{14BEE0D1-DC89-B4CB-73B1-CB310C01087D}.Release|x64.Build.0 = Release|Any CPU
		{14BEE0D1-DC89-B4CB-73B1-CB310C01087D}.Release|x86.ActiveCfg = Release|Any CPU
		{14BEE0D1-DC89-B4CB-73B1-CB310C01087D}.Release|x86.Build.0 = Release|Any CPU
		{BFFE636D-133E-9762-1ADF-CFBFBC116A28}.Debug|Any CPU.ActiveCfg = Debug|Any CPU
		{BFFE636D-133E-9762-1ADF-CFBFBC116A28}.Debug|Any CPU.Build.0 = Debug|Any CPU
		{BFFE636D-133E-9762-1ADF-CFBFBC116A28}.Debug|x64.ActiveCfg = Debug|Any CPU
		{BFFE636D-133E-9762-1ADF-CFBFBC116A28}.Debug|x64.Build.0 = Debug|Any CPU
		{BFFE636D-133E-9762-1ADF-CFBFBC116A28}.Debug|x86.ActiveCfg = Debug|Any CPU
		{BFFE636D-133E-9762-1ADF-CFBFBC116A28}.Debug|x86.Build.0 = Debug|Any CPU
		{BFFE636D-133E-9762-1ADF-CFBFBC116A28}.Release|Any CPU.ActiveCfg = Release|Any CPU
		{BFFE636D-133E-9762-1ADF-CFBFBC116A28}.Release|Any CPU.Build.0 = Release|Any CPU
		{BFFE636D-133E-9762-1ADF-CFBFBC116A28}.Release|x64.ActiveCfg = Release|Any CPU
		{BFFE636D-133E-9762-1ADF-CFBFBC116A28}.Release|x64.Build.0 = Release|Any CPU
		{BFFE636D-133E-9762-1ADF-CFBFBC116A28}.Release|x86.ActiveCfg = Release|Any CPU
		{BFFE636D-133E-9762-1ADF-CFBFBC116A28}.Release|x86.Build.0 = Release|Any CPU
		{3C463B16-C2EA-5A3E-B112-A0D280DE8EF2}.Debug|Any CPU.ActiveCfg = Debug|Any CPU
		{3C463B16-C2EA-5A3E-B112-A0D280DE8EF2}.Debug|Any CPU.Build.0 = Debug|Any CPU
		{3C463B16-C2EA-5A3E-B112-A0D280DE8EF2}.Debug|x64.ActiveCfg = Debug|Any CPU
		{3C463B16-C2EA-5A3E-B112-A0D280DE8EF2}.Debug|x64.Build.0 = Debug|Any CPU
		{3C463B16-C2EA-5A3E-B112-A0D280DE8EF2}.Debug|x86.ActiveCfg = Debug|Any CPU
		{3C463B16-C2EA-5A3E-B112-A0D280DE8EF2}.Debug|x86.Build.0 = Debug|Any CPU
		{3C463B16-C2EA-5A3E-B112-A0D280DE8EF2}.Release|Any CPU.ActiveCfg = Release|Any CPU
		{3C463B16-C2EA-5A3E-B112-A0D280DE8EF2}.Release|Any CPU.Build.0 = Release|Any CPU
		{3C463B16-C2EA-5A3E-B112-A0D280DE8EF2}.Release|x64.ActiveCfg = Release|Any CPU
		{3C463B16-C2EA-5A3E-B112-A0D280DE8EF2}.Release|x64.Build.0 = Release|Any CPU
		{3C463B16-C2EA-5A3E-B112-A0D280DE8EF2}.Release|x86.ActiveCfg = Release|Any CPU
		{3C463B16-C2EA-5A3E-B112-A0D280DE8EF2}.Release|x86.Build.0 = Release|Any CPU
		{D8348EF8-1418-0F9F-5C91-AEEF239C9920}.Debug|Any CPU.ActiveCfg = Debug|Any CPU
		{D8348EF8-1418-0F9F-5C91-AEEF239C9920}.Debug|Any CPU.Build.0 = Debug|Any CPU
		{D8348EF8-1418-0F9F-5C91-AEEF239C9920}.Debug|x64.ActiveCfg = Debug|Any CPU
		{D8348EF8-1418-0F9F-5C91-AEEF239C9920}.Debug|x64.Build.0 = Debug|Any CPU
		{D8348EF8-1418-0F9F-5C91-AEEF239C9920}.Debug|x86.ActiveCfg = Debug|Any CPU
		{D8348EF8-1418-0F9F-5C91-AEEF239C9920}.Debug|x86.Build.0 = Debug|Any CPU
		{D8348EF8-1418-0F9F-5C91-AEEF239C9920}.Release|Any CPU.ActiveCfg = Release|Any CPU
		{D8348EF8-1418-0F9F-5C91-AEEF239C9920}.Release|Any CPU.Build.0 = Release|Any CPU
		{D8348EF8-1418-0F9F-5C91-AEEF239C9920}.Release|x64.ActiveCfg = Release|Any CPU
		{D8348EF8-1418-0F9F-5C91-AEEF239C9920}.Release|x64.Build.0 = Release|Any CPU
		{D8348EF8-1418-0F9F-5C91-AEEF239C9920}.Release|x86.ActiveCfg = Release|Any CPU
		{D8348EF8-1418-0F9F-5C91-AEEF239C9920}.Release|x86.Build.0 = Release|Any CPU
		{2BF9C2F5-D2DE-2A52-AD70-BA5C697EF626}.Debug|Any CPU.ActiveCfg = Debug|Any CPU
		{2BF9C2F5-D2DE-2A52-AD70-BA5C697EF626}.Debug|Any CPU.Build.0 = Debug|Any CPU
		{2BF9C2F5-D2DE-2A52-AD70-BA5C697EF626}.Debug|x64.ActiveCfg = Debug|Any CPU
		{2BF9C2F5-D2DE-2A52-AD70-BA5C697EF626}.Debug|x64.Build.0 = Debug|Any CPU
		{2BF9C2F5-D2DE-2A52-AD70-BA5C697EF626}.Debug|x86.ActiveCfg = Debug|Any CPU
		{2BF9C2F5-D2DE-2A52-AD70-BA5C697EF626}.Debug|x86.Build.0 = Debug|Any CPU
		{2BF9C2F5-D2DE-2A52-AD70-BA5C697EF626}.Release|Any CPU.ActiveCfg = Release|Any CPU
		{2BF9C2F5-D2DE-2A52-AD70-BA5C697EF626}.Release|Any CPU.Build.0 = Release|Any CPU
		{2BF9C2F5-D2DE-2A52-AD70-BA5C697EF626}.Release|x64.ActiveCfg = Release|Any CPU
		{2BF9C2F5-D2DE-2A52-AD70-BA5C697EF626}.Release|x64.Build.0 = Release|Any CPU
		{2BF9C2F5-D2DE-2A52-AD70-BA5C697EF626}.Release|x86.ActiveCfg = Release|Any CPU
		{2BF9C2F5-D2DE-2A52-AD70-BA5C697EF626}.Release|x86.Build.0 = Release|Any CPU
		{123E4E14-8B76-EC32-C635-930D2467798E}.Debug|Any CPU.ActiveCfg = Debug|Any CPU
		{123E4E14-8B76-EC32-C635-930D2467798E}.Debug|Any CPU.Build.0 = Debug|Any CPU
		{123E4E14-8B76-EC32-C635-930D2467798E}.Debug|x64.ActiveCfg = Debug|Any CPU
		{123E4E14-8B76-EC32-C635-930D2467798E}.Debug|x64.Build.0 = Debug|Any CPU
		{123E4E14-8B76-EC32-C635-930D2467798E}.Debug|x86.ActiveCfg = Debug|Any CPU
		{123E4E14-8B76-EC32-C635-930D2467798E}.Debug|x86.Build.0 = Debug|Any CPU
		{123E4E14-8B76-EC32-C635-930D2467798E}.Release|Any CPU.ActiveCfg = Release|Any CPU
		{123E4E14-8B76-EC32-C635-930D2467798E}.Release|Any CPU.Build.0 = Release|Any CPU
		{123E4E14-8B76-EC32-C635-930D2467798E}.Release|x64.ActiveCfg = Release|Any CPU
		{123E4E14-8B76-EC32-C635-930D2467798E}.Release|x64.Build.0 = Release|Any CPU
		{123E4E14-8B76-EC32-C635-930D2467798E}.Release|x86.ActiveCfg = Release|Any CPU
		{123E4E14-8B76-EC32-C635-930D2467798E}.Release|x86.Build.0 = Release|Any CPU
		{FF489C87-BD92-ECE2-9326-88B81284746C}.Debug|Any CPU.ActiveCfg = Debug|Any CPU
		{FF489C87-BD92-ECE2-9326-88B81284746C}.Debug|Any CPU.Build.0 = Debug|Any CPU
		{FF489C87-BD92-ECE2-9326-88B81284746C}.Debug|x64.ActiveCfg = Debug|Any CPU
		{FF489C87-BD92-ECE2-9326-88B81284746C}.Debug|x64.Build.0 = Debug|Any CPU
		{FF489C87-BD92-ECE2-9326-88B81284746C}.Debug|x86.ActiveCfg = Debug|Any CPU
		{FF489C87-BD92-ECE2-9326-88B81284746C}.Debug|x86.Build.0 = Debug|Any CPU
		{FF489C87-BD92-ECE2-9326-88B81284746C}.Release|Any CPU.ActiveCfg = Release|Any CPU
		{FF489C87-BD92-ECE2-9326-88B81284746C}.Release|Any CPU.Build.0 = Release|Any CPU
		{FF489C87-BD92-ECE2-9326-88B81284746C}.Release|x64.ActiveCfg = Release|Any CPU
		{FF489C87-BD92-ECE2-9326-88B81284746C}.Release|x64.Build.0 = Release|Any CPU
		{FF489C87-BD92-ECE2-9326-88B81284746C}.Release|x86.ActiveCfg = Release|Any CPU
		{FF489C87-BD92-ECE2-9326-88B81284746C}.Release|x86.Build.0 = Release|Any CPU
		{4FB359C4-F75D-FA98-06BD-EE903C41394C}.Debug|Any CPU.ActiveCfg = Debug|Any CPU
		{4FB359C4-F75D-FA98-06BD-EE903C41394C}.Debug|Any CPU.Build.0 = Debug|Any CPU
		{4FB359C4-F75D-FA98-06BD-EE903C41394C}.Debug|x64.ActiveCfg = Debug|Any CPU
		{4FB359C4-F75D-FA98-06BD-EE903C41394C}.Debug|x64.Build.0 = Debug|Any CPU
		{4FB359C4-F75D-FA98-06BD-EE903C41394C}.Debug|x86.ActiveCfg = Debug|Any CPU
		{4FB359C4-F75D-FA98-06BD-EE903C41394C}.Debug|x86.Build.0 = Debug|Any CPU
		{4FB359C4-F75D-FA98-06BD-EE903C41394C}.Release|Any CPU.ActiveCfg = Release|Any CPU
		{4FB359C4-F75D-FA98-06BD-EE903C41394C}.Release|Any CPU.Build.0 = Release|Any CPU
		{4FB359C4-F75D-FA98-06BD-EE903C41394C}.Release|x64.ActiveCfg = Release|Any CPU
		{4FB359C4-F75D-FA98-06BD-EE903C41394C}.Release|x64.Build.0 = Release|Any CPU
		{4FB359C4-F75D-FA98-06BD-EE903C41394C}.Release|x86.ActiveCfg = Release|Any CPU
		{4FB359C4-F75D-FA98-06BD-EE903C41394C}.Release|x86.Build.0 = Release|Any CPU
		{3F0530D1-3CFD-7125-EF2D-92E308A84CC9}.Debug|Any CPU.ActiveCfg = Debug|Any CPU
		{3F0530D1-3CFD-7125-EF2D-92E308A84CC9}.Debug|Any CPU.Build.0 = Debug|Any CPU
		{3F0530D1-3CFD-7125-EF2D-92E308A84CC9}.Debug|x64.ActiveCfg = Debug|Any CPU
		{3F0530D1-3CFD-7125-EF2D-92E308A84CC9}.Debug|x64.Build.0 = Debug|Any CPU
		{3F0530D1-3CFD-7125-EF2D-92E308A84CC9}.Debug|x86.ActiveCfg = Debug|Any CPU
		{3F0530D1-3CFD-7125-EF2D-92E308A84CC9}.Debug|x86.Build.0 = Debug|Any CPU
		{3F0530D1-3CFD-7125-EF2D-92E308A84CC9}.Release|Any CPU.ActiveCfg = Release|Any CPU
		{3F0530D1-3CFD-7125-EF2D-92E308A84CC9}.Release|Any CPU.Build.0 = Release|Any CPU
		{3F0530D1-3CFD-7125-EF2D-92E308A84CC9}.Release|x64.ActiveCfg = Release|Any CPU
		{3F0530D1-3CFD-7125-EF2D-92E308A84CC9}.Release|x64.Build.0 = Release|Any CPU
		{3F0530D1-3CFD-7125-EF2D-92E308A84CC9}.Release|x86.ActiveCfg = Release|Any CPU
		{3F0530D1-3CFD-7125-EF2D-92E308A84CC9}.Release|x86.Build.0 = Release|Any CPU
		{A6F237FA-17C0-1DD3-7FFA-5A39C03E7664}.Debug|Any CPU.ActiveCfg = Debug|Any CPU
		{A6F237FA-17C0-1DD3-7FFA-5A39C03E7664}.Debug|Any CPU.Build.0 = Debug|Any CPU
		{A6F237FA-17C0-1DD3-7FFA-5A39C03E7664}.Debug|x64.ActiveCfg = Debug|Any CPU
		{A6F237FA-17C0-1DD3-7FFA-5A39C03E7664}.Debug|x64.Build.0 = Debug|Any CPU
		{A6F237FA-17C0-1DD3-7FFA-5A39C03E7664}.Debug|x86.ActiveCfg = Debug|Any CPU
		{A6F237FA-17C0-1DD3-7FFA-5A39C03E7664}.Debug|x86.Build.0 = Debug|Any CPU
		{A6F237FA-17C0-1DD3-7FFA-5A39C03E7664}.Release|Any CPU.ActiveCfg = Release|Any CPU
		{A6F237FA-17C0-1DD3-7FFA-5A39C03E7664}.Release|Any CPU.Build.0 = Release|Any CPU
		{A6F237FA-17C0-1DD3-7FFA-5A39C03E7664}.Release|x64.ActiveCfg = Release|Any CPU
		{A6F237FA-17C0-1DD3-7FFA-5A39C03E7664}.Release|x64.Build.0 = Release|Any CPU
		{A6F237FA-17C0-1DD3-7FFA-5A39C03E7664}.Release|x86.ActiveCfg = Release|Any CPU
		{A6F237FA-17C0-1DD3-7FFA-5A39C03E7664}.Release|x86.Build.0 = Release|Any CPU
		{7848B1CF-9126-5E9B-2CE4-A97A8B887C54}.Debug|Any CPU.ActiveCfg = Debug|Any CPU
		{7848B1CF-9126-5E9B-2CE4-A97A8B887C54}.Debug|Any CPU.Build.0 = Debug|Any CPU
		{7848B1CF-9126-5E9B-2CE4-A97A8B887C54}.Debug|x64.ActiveCfg = Debug|Any CPU
		{7848B1CF-9126-5E9B-2CE4-A97A8B887C54}.Debug|x64.Build.0 = Debug|Any CPU
		{7848B1CF-9126-5E9B-2CE4-A97A8B887C54}.Debug|x86.ActiveCfg = Debug|Any CPU
		{7848B1CF-9126-5E9B-2CE4-A97A8B887C54}.Debug|x86.Build.0 = Debug|Any CPU
		{7848B1CF-9126-5E9B-2CE4-A97A8B887C54}.Release|Any CPU.ActiveCfg = Release|Any CPU
		{7848B1CF-9126-5E9B-2CE4-A97A8B887C54}.Release|Any CPU.Build.0 = Release|Any CPU
		{7848B1CF-9126-5E9B-2CE4-A97A8B887C54}.Release|x64.ActiveCfg = Release|Any CPU
		{7848B1CF-9126-5E9B-2CE4-A97A8B887C54}.Release|x64.Build.0 = Release|Any CPU
		{7848B1CF-9126-5E9B-2CE4-A97A8B887C54}.Release|x86.ActiveCfg = Release|Any CPU
		{7848B1CF-9126-5E9B-2CE4-A97A8B887C54}.Release|x86.Build.0 = Release|Any CPU
		{9921EDF3-68D5-2D29-86BD-FF6E72D91239}.Debug|Any CPU.ActiveCfg = Debug|Any CPU
		{9921EDF3-68D5-2D29-86BD-FF6E72D91239}.Debug|Any CPU.Build.0 = Debug|Any CPU
		{9921EDF3-68D5-2D29-86BD-FF6E72D91239}.Debug|x64.ActiveCfg = Debug|Any CPU
		{9921EDF3-68D5-2D29-86BD-FF6E72D91239}.Debug|x64.Build.0 = Debug|Any CPU
		{9921EDF3-68D5-2D29-86BD-FF6E72D91239}.Debug|x86.ActiveCfg = Debug|Any CPU
		{9921EDF3-68D5-2D29-86BD-FF6E72D91239}.Debug|x86.Build.0 = Debug|Any CPU
		{9921EDF3-68D5-2D29-86BD-FF6E72D91239}.Release|Any CPU.ActiveCfg = Release|Any CPU
		{9921EDF3-68D5-2D29-86BD-FF6E72D91239}.Release|Any CPU.Build.0 = Release|Any CPU
		{9921EDF3-68D5-2D29-86BD-FF6E72D91239}.Release|x64.ActiveCfg = Release|Any CPU
		{9921EDF3-68D5-2D29-86BD-FF6E72D91239}.Release|x64.Build.0 = Release|Any CPU
		{9921EDF3-68D5-2D29-86BD-FF6E72D91239}.Release|x86.ActiveCfg = Release|Any CPU
		{9921EDF3-68D5-2D29-86BD-FF6E72D91239}.Release|x86.Build.0 = Release|Any CPU
		{CC382C82-E1C1-0640-B20B-3E564FFF3AB8}.Debug|Any CPU.ActiveCfg = Debug|Any CPU
		{CC382C82-E1C1-0640-B20B-3E564FFF3AB8}.Debug|Any CPU.Build.0 = Debug|Any CPU
		{CC382C82-E1C1-0640-B20B-3E564FFF3AB8}.Debug|x64.ActiveCfg = Debug|Any CPU
		{CC382C82-E1C1-0640-B20B-3E564FFF3AB8}.Debug|x64.Build.0 = Debug|Any CPU
		{CC382C82-E1C1-0640-B20B-3E564FFF3AB8}.Debug|x86.ActiveCfg = Debug|Any CPU
		{CC382C82-E1C1-0640-B20B-3E564FFF3AB8}.Debug|x86.Build.0 = Debug|Any CPU
		{CC382C82-E1C1-0640-B20B-3E564FFF3AB8}.Release|Any CPU.ActiveCfg = Release|Any CPU
		{CC382C82-E1C1-0640-B20B-3E564FFF3AB8}.Release|Any CPU.Build.0 = Release|Any CPU
		{CC382C82-E1C1-0640-B20B-3E564FFF3AB8}.Release|x64.ActiveCfg = Release|Any CPU
		{CC382C82-E1C1-0640-B20B-3E564FFF3AB8}.Release|x64.Build.0 = Release|Any CPU
		{CC382C82-E1C1-0640-B20B-3E564FFF3AB8}.Release|x86.ActiveCfg = Release|Any CPU
		{CC382C82-E1C1-0640-B20B-3E564FFF3AB8}.Release|x86.Build.0 = Release|Any CPU
		{134BA1B5-6749-3CDE-D944-9518D657E83E}.Debug|Any CPU.ActiveCfg = Debug|Any CPU
		{134BA1B5-6749-3CDE-D944-9518D657E83E}.Debug|Any CPU.Build.0 = Debug|Any CPU
		{134BA1B5-6749-3CDE-D944-9518D657E83E}.Debug|x64.ActiveCfg = Debug|Any CPU
		{134BA1B5-6749-3CDE-D944-9518D657E83E}.Debug|x64.Build.0 = Debug|Any CPU
		{134BA1B5-6749-3CDE-D944-9518D657E83E}.Debug|x86.ActiveCfg = Debug|Any CPU
		{134BA1B5-6749-3CDE-D944-9518D657E83E}.Debug|x86.Build.0 = Debug|Any CPU
		{134BA1B5-6749-3CDE-D944-9518D657E83E}.Release|Any CPU.ActiveCfg = Release|Any CPU
		{134BA1B5-6749-3CDE-D944-9518D657E83E}.Release|Any CPU.Build.0 = Release|Any CPU
		{134BA1B5-6749-3CDE-D944-9518D657E83E}.Release|x64.ActiveCfg = Release|Any CPU
		{134BA1B5-6749-3CDE-D944-9518D657E83E}.Release|x64.Build.0 = Release|Any CPU
		{134BA1B5-6749-3CDE-D944-9518D657E83E}.Release|x86.ActiveCfg = Release|Any CPU
		{134BA1B5-6749-3CDE-D944-9518D657E83E}.Release|x86.Build.0 = Release|Any CPU
		{AE87E1B6-3874-4896-B5B5-CC5AD4EA8233}.Debug|Any CPU.ActiveCfg = Debug|Any CPU
		{AE87E1B6-3874-4896-B5B5-CC5AD4EA8233}.Debug|Any CPU.Build.0 = Debug|Any CPU
		{AE87E1B6-3874-4896-B5B5-CC5AD4EA8233}.Debug|x64.ActiveCfg = Debug|Any CPU
		{AE87E1B6-3874-4896-B5B5-CC5AD4EA8233}.Debug|x64.Build.0 = Debug|Any CPU
		{AE87E1B6-3874-4896-B5B5-CC5AD4EA8233}.Debug|x86.ActiveCfg = Debug|Any CPU
		{AE87E1B6-3874-4896-B5B5-CC5AD4EA8233}.Debug|x86.Build.0 = Debug|Any CPU
		{AE87E1B6-3874-4896-B5B5-CC5AD4EA8233}.Release|Any CPU.ActiveCfg = Release|Any CPU
		{AE87E1B6-3874-4896-B5B5-CC5AD4EA8233}.Release|Any CPU.Build.0 = Release|Any CPU
		{AE87E1B6-3874-4896-B5B5-CC5AD4EA8233}.Release|x64.ActiveCfg = Release|Any CPU
		{AE87E1B6-3874-4896-B5B5-CC5AD4EA8233}.Release|x64.Build.0 = Release|Any CPU
		{AE87E1B6-3874-4896-B5B5-CC5AD4EA8233}.Release|x86.ActiveCfg = Release|Any CPU
		{AE87E1B6-3874-4896-B5B5-CC5AD4EA8233}.Release|x86.Build.0 = Release|Any CPU
		{7343A757-DDD2-48F4-B6D1-FE6B9B109AD4}.Debug|Any CPU.ActiveCfg = Debug|Any CPU
		{7343A757-DDD2-48F4-B6D1-FE6B9B109AD4}.Debug|Any CPU.Build.0 = Debug|Any CPU
		{7343A757-DDD2-48F4-B6D1-FE6B9B109AD4}.Debug|x64.ActiveCfg = Debug|Any CPU
		{7343A757-DDD2-48F4-B6D1-FE6B9B109AD4}.Debug|x64.Build.0 = Debug|Any CPU
		{7343A757-DDD2-48F4-B6D1-FE6B9B109AD4}.Debug|x86.ActiveCfg = Debug|Any CPU
		{7343A757-DDD2-48F4-B6D1-FE6B9B109AD4}.Debug|x86.Build.0 = Debug|Any CPU
		{7343A757-DDD2-48F4-B6D1-FE6B9B109AD4}.Release|Any CPU.ActiveCfg = Release|Any CPU
		{7343A757-DDD2-48F4-B6D1-FE6B9B109AD4}.Release|Any CPU.Build.0 = Release|Any CPU
		{7343A757-DDD2-48F4-B6D1-FE6B9B109AD4}.Release|x64.ActiveCfg = Release|Any CPU
		{7343A757-DDD2-48F4-B6D1-FE6B9B109AD4}.Release|x64.Build.0 = Release|Any CPU
		{7343A757-DDD2-48F4-B6D1-FE6B9B109AD4}.Release|x86.ActiveCfg = Release|Any CPU
		{7343A757-DDD2-48F4-B6D1-FE6B9B109AD4}.Release|x86.Build.0 = Release|Any CPU
		{17B3D47A-2A88-4B97-880A-EC324905E980}.Debug|Any CPU.ActiveCfg = Debug|Any CPU
		{17B3D47A-2A88-4B97-880A-EC324905E980}.Debug|Any CPU.Build.0 = Debug|Any CPU
		{17B3D47A-2A88-4B97-880A-EC324905E980}.Debug|x64.ActiveCfg = Debug|Any CPU
		{17B3D47A-2A88-4B97-880A-EC324905E980}.Debug|x64.Build.0 = Debug|Any CPU
		{17B3D47A-2A88-4B97-880A-EC324905E980}.Debug|x86.ActiveCfg = Debug|Any CPU
		{17B3D47A-2A88-4B97-880A-EC324905E980}.Debug|x86.Build.0 = Debug|Any CPU
		{17B3D47A-2A88-4B97-880A-EC324905E980}.Release|Any CPU.ActiveCfg = Release|Any CPU
		{17B3D47A-2A88-4B97-880A-EC324905E980}.Release|Any CPU.Build.0 = Release|Any CPU
		{17B3D47A-2A88-4B97-880A-EC324905E980}.Release|x64.ActiveCfg = Release|Any CPU
		{17B3D47A-2A88-4B97-880A-EC324905E980}.Release|x64.Build.0 = Release|Any CPU
		{17B3D47A-2A88-4B97-880A-EC324905E980}.Release|x86.ActiveCfg = Release|Any CPU
		{17B3D47A-2A88-4B97-880A-EC324905E980}.Release|x86.Build.0 = Release|Any CPU
		{5CEEC3B5-1C1A-4FC1-98F5-5486723AE268}.Debug|Any CPU.ActiveCfg = Debug|Any CPU
		{5CEEC3B5-1C1A-4FC1-98F5-5486723AE268}.Debug|Any CPU.Build.0 = Debug|Any CPU
		{5CEEC3B5-1C1A-4FC1-98F5-5486723AE268}.Debug|x64.ActiveCfg = Debug|Any CPU
		{5CEEC3B5-1C1A-4FC1-98F5-5486723AE268}.Debug|x64.Build.0 = Debug|Any CPU
		{5CEEC3B5-1C1A-4FC1-98F5-5486723AE268}.Debug|x86.ActiveCfg = Debug|Any CPU
		{5CEEC3B5-1C1A-4FC1-98F5-5486723AE268}.Debug|x86.Build.0 = Debug|Any CPU
		{5CEEC3B5-1C1A-4FC1-98F5-5486723AE268}.Release|Any CPU.ActiveCfg = Release|Any CPU
		{5CEEC3B5-1C1A-4FC1-98F5-5486723AE268}.Release|Any CPU.Build.0 = Release|Any CPU
		{5CEEC3B5-1C1A-4FC1-98F5-5486723AE268}.Release|x64.ActiveCfg = Release|Any CPU
		{5CEEC3B5-1C1A-4FC1-98F5-5486723AE268}.Release|x64.Build.0 = Release|Any CPU
		{5CEEC3B5-1C1A-4FC1-98F5-5486723AE268}.Release|x86.ActiveCfg = Release|Any CPU
		{5CEEC3B5-1C1A-4FC1-98F5-5486723AE268}.Release|x86.Build.0 = Release|Any CPU
		{24A3FDF1-159F-4E08-935D-195043557228}.Debug|Any CPU.ActiveCfg = Debug|Any CPU
		{24A3FDF1-159F-4E08-935D-195043557228}.Debug|Any CPU.Build.0 = Debug|Any CPU
		{24A3FDF1-159F-4E08-935D-195043557228}.Debug|x64.ActiveCfg = Debug|Any CPU
		{24A3FDF1-159F-4E08-935D-195043557228}.Debug|x64.Build.0 = Debug|Any CPU
		{24A3FDF1-159F-4E08-935D-195043557228}.Debug|x86.ActiveCfg = Debug|Any CPU
		{24A3FDF1-159F-4E08-935D-195043557228}.Debug|x86.Build.0 = Debug|Any CPU
		{24A3FDF1-159F-4E08-935D-195043557228}.Release|Any CPU.ActiveCfg = Release|Any CPU
		{24A3FDF1-159F-4E08-935D-195043557228}.Release|Any CPU.Build.0 = Release|Any CPU
		{24A3FDF1-159F-4E08-935D-195043557228}.Release|x64.ActiveCfg = Release|Any CPU
		{24A3FDF1-159F-4E08-935D-195043557228}.Release|x64.Build.0 = Release|Any CPU
		{24A3FDF1-159F-4E08-935D-195043557228}.Release|x86.ActiveCfg = Release|Any CPU
		{24A3FDF1-159F-4E08-935D-195043557228}.Release|x86.Build.0 = Release|Any CPU
		{7717852A-C874-49DE-B82B-0FD8AD350CF5}.Debug|Any CPU.ActiveCfg = Debug|Any CPU
		{7717852A-C874-49DE-B82B-0FD8AD350CF5}.Debug|Any CPU.Build.0 = Debug|Any CPU
		{7717852A-C874-49DE-B82B-0FD8AD350CF5}.Debug|x64.ActiveCfg = Debug|Any CPU
		{7717852A-C874-49DE-B82B-0FD8AD350CF5}.Debug|x64.Build.0 = Debug|Any CPU
		{7717852A-C874-49DE-B82B-0FD8AD350CF5}.Debug|x86.ActiveCfg = Debug|Any CPU
		{7717852A-C874-49DE-B82B-0FD8AD350CF5}.Debug|x86.Build.0 = Debug|Any CPU
		{7717852A-C874-49DE-B82B-0FD8AD350CF5}.Release|Any CPU.ActiveCfg = Release|Any CPU
		{7717852A-C874-49DE-B82B-0FD8AD350CF5}.Release|Any CPU.Build.0 = Release|Any CPU
		{7717852A-C874-49DE-B82B-0FD8AD350CF5}.Release|x64.ActiveCfg = Release|Any CPU
		{7717852A-C874-49DE-B82B-0FD8AD350CF5}.Release|x64.Build.0 = Release|Any CPU
		{7717852A-C874-49DE-B82B-0FD8AD350CF5}.Release|x86.ActiveCfg = Release|Any CPU
		{7717852A-C874-49DE-B82B-0FD8AD350CF5}.Release|x86.Build.0 = Release|Any CPU
		{D56AEC46-99F0-4DBA-A424-93566DAD1350}.Debug|Any CPU.ActiveCfg = Debug|Any CPU
		{D56AEC46-99F0-4DBA-A424-93566DAD1350}.Debug|Any CPU.Build.0 = Debug|Any CPU
		{D56AEC46-99F0-4DBA-A424-93566DAD1350}.Debug|x64.ActiveCfg = Debug|Any CPU
		{D56AEC46-99F0-4DBA-A424-93566DAD1350}.Debug|x64.Build.0 = Debug|Any CPU
		{D56AEC46-99F0-4DBA-A424-93566DAD1350}.Debug|x86.ActiveCfg = Debug|Any CPU
		{D56AEC46-99F0-4DBA-A424-93566DAD1350}.Debug|x86.Build.0 = Debug|Any CPU
		{D56AEC46-99F0-4DBA-A424-93566DAD1350}.Release|Any CPU.ActiveCfg = Release|Any CPU
		{D56AEC46-99F0-4DBA-A424-93566DAD1350}.Release|Any CPU.Build.0 = Release|Any CPU
		{D56AEC46-99F0-4DBA-A424-93566DAD1350}.Release|x64.ActiveCfg = Release|Any CPU
		{D56AEC46-99F0-4DBA-A424-93566DAD1350}.Release|x64.Build.0 = Release|Any CPU
		{D56AEC46-99F0-4DBA-A424-93566DAD1350}.Release|x86.ActiveCfg = Release|Any CPU
		{D56AEC46-99F0-4DBA-A424-93566DAD1350}.Release|x86.Build.0 = Release|Any CPU
		{4C3D3D22-5445-46FC-B1AB-31E25E4EBEC5}.Debug|Any CPU.ActiveCfg = Debug|Any CPU
		{4C3D3D22-5445-46FC-B1AB-31E25E4EBEC5}.Debug|Any CPU.Build.0 = Debug|Any CPU
		{4C3D3D22-5445-46FC-B1AB-31E25E4EBEC5}.Debug|x64.ActiveCfg = Debug|Any CPU
		{4C3D3D22-5445-46FC-B1AB-31E25E4EBEC5}.Debug|x64.Build.0 = Debug|Any CPU
		{4C3D3D22-5445-46FC-B1AB-31E25E4EBEC5}.Debug|x86.ActiveCfg = Debug|Any CPU
		{4C3D3D22-5445-46FC-B1AB-31E25E4EBEC5}.Debug|x86.Build.0 = Debug|Any CPU
		{4C3D3D22-5445-46FC-B1AB-31E25E4EBEC5}.Release|Any CPU.ActiveCfg = Release|Any CPU
		{4C3D3D22-5445-46FC-B1AB-31E25E4EBEC5}.Release|Any CPU.Build.0 = Release|Any CPU
		{4C3D3D22-5445-46FC-B1AB-31E25E4EBEC5}.Release|x64.ActiveCfg = Release|Any CPU
		{4C3D3D22-5445-46FC-B1AB-31E25E4EBEC5}.Release|x64.Build.0 = Release|Any CPU
		{4C3D3D22-5445-46FC-B1AB-31E25E4EBEC5}.Release|x86.ActiveCfg = Release|Any CPU
		{4C3D3D22-5445-46FC-B1AB-31E25E4EBEC5}.Release|x86.Build.0 = Release|Any CPU
	EndGlobalSection
	GlobalSection(SolutionProperties) = preSolution
		HideSolutionNode = FALSE
	EndGlobalSection
	GlobalSection(NestedProjects) = preSolution
		{17B3D47A-2A88-4B97-880A-EC324905E980} = {827E0CD3-B72D-47B6-A68D-7590B98EB39B}
		{5CEEC3B5-1C1A-4FC1-98F5-5486723AE268} = {827E0CD3-B72D-47B6-A68D-7590B98EB39B}
		{24A3FDF1-159F-4E08-935D-195043557228} = {827E0CD3-B72D-47B6-A68D-7590B98EB39B}
		{7717852A-C874-49DE-B82B-0FD8AD350CF5} = {0AB3BF05-4346-4AA6-1389-037BE0695223}
		{D56AEC46-99F0-4DBA-A424-93566DAD1350} = {0AB3BF05-4346-4AA6-1389-037BE0695223}
		{4C3D3D22-5445-46FC-B1AB-31E25E4EBEC5} = {827E0CD3-B72D-47B6-A68D-7590B98EB39B}
	EndGlobalSection
EndGlobal
